
Microsoft Visual Studio Solution File, Format Version 12.00
# Visual Studio 14
VisualStudioVersion = 14.0.25420.1
MinimumVisualStudioVersion = 10.0.40219.1
Project("{FAE04EC0-301F-11D3-BF4B-00C04F79EFBC}") = "TasklistWebApp", "TasklistWebApp\TasklistWebApp.csproj", "{109B029E-AC3A-45C5-924E-DED3D4E75DC4}"
EndProject
Project("{FAE04EC0-301F-11D3-BF4B-00C04F79EFBC}") = "TasklistWebApp.Tests", "TasklistWebApp.Tests\TasklistWebApp.Tests.csproj", "{062620E7-5DF1-4CF1-9AF8-B4D7FCF4C2FF}"
EndProject
Project("{FAE04EC0-301F-11D3-BF4B-00C04F79EFBC}") = "Tasklist.Domain", "Tasklist.Domain\Tasklist.Domain.csproj", "{73E75709-7A53-407E-A38D-6BC440541E5E}"
EndProject
Project("{FAE04EC0-301F-11D3-BF4B-00C04F79EFBC}") = "Tasklist.Repository", "Tasklist.Repository\Tasklist.Repository.csproj", "{BF668672-E5CC-4568-B1E7-BCC2D7E9312A}"
EndProject
Project("{FAE04EC0-301F-11D3-BF4B-00C04F79EFBC}") = "Tasklist.Domain.Tests", "Tasklist.Domain.Tests\Tasklist.Domain.Tests.csproj", "{FBE58748-A049-4901-94D7-438DCE4054DF}"
EndProject
Project("{FAE04EC0-301F-11D3-BF4B-00C04F79EFBC}") = "Tasklist.Application", "Tasklist.Application\Tasklist.Application.csproj", "{5E34A75A-69A3-4797-B59D-358D78FBFC6E}"
EndProject
Project("{FAE04EC0-301F-11D3-BF4B-00C04F79EFBC}") = "Tasklist.Application.Tests", "Tasklist.Application.Tests\Tasklist.Application.Tests.csproj", "{F878779A-B968-4DE5-AD4F-4C03A143BDE6}"
EndProject
Project("{2150E333-8FDC-42A3-9474-1A3956D46DE8}") = "Presentation", "Presentation", "{5B03F795-3D18-4E8A-B9F6-32C8A666EBAF}"
EndProject
Project("{2150E333-8FDC-42A3-9474-1A3956D46DE8}") = "Domain", "Domain", "{8BC991F9-31A3-440C-9567-9F3697C174A8}"
EndProject
Project("{2150E333-8FDC-42A3-9474-1A3956D46DE8}") = "Infra.Data", "Infra.Data", "{E7B7AC7D-D1D9-438C-A715-33C4C61A69C4}"
EndProject
Project("{2150E333-8FDC-42A3-9474-1A3956D46DE8}") = "ApplicationService", "ApplicationService", "{4A40A32F-D321-4A5D-B63A-0D34494B4896}"
EndProject
Global
	GlobalSection(SolutionConfigurationPlatforms) = preSolution
		Debug|Any CPU = Debug|Any CPU
		Release|Any CPU = Release|Any CPU
	EndGlobalSection
	GlobalSection(ProjectConfigurationPlatforms) = postSolution
		{109B029E-AC3A-45C5-924E-DED3D4E75DC4}.Debug|Any CPU.ActiveCfg = Debug|Any CPU
		{109B029E-AC3A-45C5-924E-DED3D4E75DC4}.Debug|Any CPU.Build.0 = Debug|Any CPU
		{109B029E-AC3A-45C5-924E-DED3D4E75DC4}.Release|Any CPU.ActiveCfg = Release|Any CPU
		{109B029E-AC3A-45C5-924E-DED3D4E75DC4}.Release|Any CPU.Build.0 = Release|Any CPU
		{062620E7-5DF1-4CF1-9AF8-B4D7FCF4C2FF}.Debug|Any CPU.ActiveCfg = Debug|Any CPU
		{062620E7-5DF1-4CF1-9AF8-B4D7FCF4C2FF}.Debug|Any CPU.Build.0 = Debug|Any CPU
		{062620E7-5DF1-4CF1-9AF8-B4D7FCF4C2FF}.Release|Any CPU.ActiveCfg = Release|Any CPU
		{062620E7-5DF1-4CF1-9AF8-B4D7FCF4C2FF}.Release|Any CPU.Build.0 = Release|Any CPU
		{73E75709-7A53-407E-A38D-6BC440541E5E}.Debug|Any CPU.ActiveCfg = Debug|Any CPU
		{73E75709-7A53-407E-A38D-6BC440541E5E}.Debug|Any CPU.Build.0 = Debug|Any CPU
		{73E75709-7A53-407E-A38D-6BC440541E5E}.Release|Any CPU.ActiveCfg = Release|Any CPU
		{73E75709-7A53-407E-A38D-6BC440541E5E}.Release|Any CPU.Build.0 = Release|Any CPU
		{BF668672-E5CC-4568-B1E7-BCC2D7E9312A}.Debug|Any CPU.ActiveCfg = Debug|Any CPU
		{BF668672-E5CC-4568-B1E7-BCC2D7E9312A}.Debug|Any CPU.Build.0 = Debug|Any CPU
		{BF668672-E5CC-4568-B1E7-BCC2D7E9312A}.Release|Any CPU.ActiveCfg = Release|Any CPU
		{BF668672-E5CC-4568-B1E7-BCC2D7E9312A}.Release|Any CPU.Build.0 = Release|Any CPU
		{FBE58748-A049-4901-94D7-438DCE4054DF}.Debug|Any CPU.ActiveCfg = Debug|Any CPU
		{FBE58748-A049-4901-94D7-438DCE4054DF}.Debug|Any CPU.Build.0 = Debug|Any CPU
		{FBE58748-A049-4901-94D7-438DCE4054DF}.Release|Any CPU.ActiveCfg = Release|Any CPU
		{FBE58748-A049-4901-94D7-438DCE4054DF}.Release|Any CPU.Build.0 = Release|Any CPU
		{5E34A75A-69A3-4797-B59D-358D78FBFC6E}.Debug|Any CPU.ActiveCfg = Debug|Any CPU
		{5E34A75A-69A3-4797-B59D-358D78FBFC6E}.Debug|Any CPU.Build.0 = Debug|Any CPU
		{5E34A75A-69A3-4797-B59D-358D78FBFC6E}.Release|Any CPU.ActiveCfg = Release|Any CPU
		{5E34A75A-69A3-4797-B59D-358D78FBFC6E}.Release|Any CPU.Build.0 = Release|Any CPU
		{F878779A-B968-4DE5-AD4F-4C03A143BDE6}.Debug|Any CPU.ActiveCfg = Debug|Any CPU
		{F878779A-B968-4DE5-AD4F-4C03A143BDE6}.Debug|Any CPU.Build.0 = Debug|Any CPU
		{F878779A-B968-4DE5-AD4F-4C03A143BDE6}.Release|Any CPU.ActiveCfg = Release|Any CPU
		{F878779A-B968-4DE5-AD4F-4C03A143BDE6}.Release|Any CPU.Build.0 = Release|Any CPU
	EndGlobalSection
	GlobalSection(SolutionProperties) = preSolution
		HideSolutionNode = FALSE
	EndGlobalSection
	GlobalSection(NestedProjects) = preSolution
		{109B029E-AC3A-45C5-924E-DED3D4E75DC4} = {5B03F795-3D18-4E8A-B9F6-32C8A666EBAF}
		{062620E7-5DF1-4CF1-9AF8-B4D7FCF4C2FF} = {5B03F795-3D18-4E8A-B9F6-32C8A666EBAF}
		{73E75709-7A53-407E-A38D-6BC440541E5E} = {8BC991F9-31A3-440C-9567-9F3697C174A8}
		{BF668672-E5CC-4568-B1E7-BCC2D7E9312A} = {E7B7AC7D-D1D9-438C-A715-33C4C61A69C4}
		{FBE58748-A049-4901-94D7-438DCE4054DF} = {8BC991F9-31A3-440C-9567-9F3697C174A8}
		{5E34A75A-69A3-4797-B59D-358D78FBFC6E} = {4A40A32F-D321-4A5D-B63A-0D34494B4896}
		{F878779A-B968-4DE5-AD4F-4C03A143BDE6} = {4A40A32F-D321-4A5D-B63A-0D34494B4896}
	EndGlobalSection
EndGlobal
